# @generated - this file is auto-generated by `mise lock` https://mise.jdx.dev/dev-tools/mise-lock.html

lockfile_version = 1

[[tools."aqua:suzuki-shunsuke/pinact"]]
version = "4.1.1"
backend = "aqua:suzuki-shunsuke/pinact"
specifiers = ["4.1.1"]

[tools."aqua:suzuki-shunsuke/pinact"."platforms.linux-arm64"]
checksum = "sha256:dd1f29908319ed3e59f9fe6b39196efbb76936357f3bd741cd759a96306ae8d8"
url = "https://github.com/suzuki-shunsuke/pinact/releases/download/v4.1.1/pinact_linux_arm64.tar.gz"
url_api = "https://api.github.com/repos/suzuki-shunsuke/pinact/releases/assets/494702261"
provenance = "github-attestations"

[tools."aqua:suzuki-shunsuke/pinact"."platforms.linux-arm64-musl"]
checksum = "sha256:dd1f29908319ed3e59f9fe6b39196efbb76936357f3bd741cd759a96306ae8d8"
url = "https://github.com/suzuki-shunsuke/pinact/releases/download/v4.1.1/pinact_linux_arm64.tar.gz"
url_api = "https://api.github.com/repos/suzuki-shunsuke/pinact/releases/assets/494702261"
provenance = "github-attestations"

[tools."aqua:suzuki-shunsuke/pinact"."platforms.linux-x64"]
checksum = "sha256:d1cffebe5704b74e2e5f8a864efb9f7e54768972dc686188c008033fb1797841"
url = "https://github.com/suzuki-shunsuke/pinact/releases/download/v4.1.1/pinact_linux_amd64.tar.gz"
url_api = "https://api.github.com/repos/suzuki-shunsuke/pinact/releases/assets/494702259"
provenance = "github-attestations"

[tools."aqua:suzuki-shunsuke/pinact"."platforms.linux-x64-musl"]
checksum = "sha256:d1cffebe5704b74e2e5f8a864efb9f7e54768972dc686188c008033fb1797841"
url = "https://github.com/suzuki-shunsuke/pinact/releases/download/v4.1.1/pinact_linux_amd64.tar.gz"
url_api = "https://api.github.com/repos/suzuki-shunsuke/pinact/releases/assets/494702259"
provenance = "github-attestations"

[tools."aqua:suzuki-shunsuke/pinact"."platforms.macos-arm64"]
checksum = "sha256:c13998c9f0dd09d8973700938aa5f6ac52a1db4e94d4f578d8cc976cda478614"
url = "https://github.com/suzuki-shunsuke/pinact/releases/download/v4.1.1/pinact_darwin_arm64.tar.gz"
url_api = "https://api.github.com/repos/suzuki-shunsuke/pinact/releases/assets/494702257"
provenance = "github-attestations"

[tools."aqua:suzuki-shunsuke/pinact"."platforms.macos-x64"]
checksum = "sha256:513678fdb0bb59b2742dd06d28f0ee851496a83ba939954009aa6be53f5aec9c"
url = "https://github.com/suzuki-shunsuke/pinact/releases/download/v4.1.1/pinact_darwin_amd64.tar.gz"
url_api = "https://api.github.com/repos/suzuki-shunsuke/pinact/releases/assets/494702250"
provenance = "github-attestations"

[tools."aqua:suzuki-shunsuke/pinact"."platforms.windows-x64"]
checksum = "sha256:88db480a3f8833d7233b482a72c97308df558ebceb0d3214775889239901f6a9"
url = "https://github.com/suzuki-shunsuke/pinact/releases/download/v4.1.1/pinact_windows_amd64.zip"
url_api = "https://api.github.com/repos/suzuki-shunsuke/pinact/releases/assets/494702288"
provenance = "github-attestations"
